
Microsoft Visual Studio Solution File, Format Version 12.00
# Visual Studio Version 17
VisualStudioVersion = 17.5.002.0
MinimumVisualStudioVersion = 10.0.40219.1
Project("{9A19103F-16F7-4668-BE54-9A1E7A4F7556}") = "Web", "Web\Web.csproj", "{44A7B88C-FA59-4FAF-9158-9DCA5BB5776A}"
EndProject
Project("{FAE04EC0-301F-11D3-BF4B-00C04F79EFBC}") = "AppHost", "AppHost\AppHost.csproj", "{4BED349F-94AF-48D2-9B6C-10638E8A437C}"
EndProject
Project("{FAE04EC0-301F-11D3-BF4B-00C04F79EFBC}") = "ServiceDefaults", "ServiceDefaults\ServiceDefaults.csproj", "{8242E982-875B-470B-BB8B-7DB573D82156}"
EndProject
Global
	GlobalSection(SolutionConfigurationPlatforms) = preSolution
		Debug|Any CPU = Debug|Any CPU
		Release|Any CPU = Release|Any CPU
	EndGlobalSection
	GlobalSection(ProjectConfigurationPlatforms) = postSolution
		{44A7B88C-FA59-4FAF-9158-9DCA5BB5776A}.Debug|Any CPU.ActiveCfg = Debug|Any CPU
		{44A7B88C-FA59-4FAF-9158-9DCA5BB5776A}.Debug|Any CPU.Build.0 = Debug|Any CPU
		{44A7B88C-FA59-4FAF-9158-9DCA5BB5776A}.Release|Any CPU.ActiveCfg = Release|Any CPU
		{44A7B88C-FA59-4FAF-9158-9DCA5BB5776A}.Release|Any CPU.Build.0 = Release|Any CPU
		{4BED349F-94AF-48D2-9B6C-10638E8A437C}.Debug|Any CPU.ActiveCfg = Debug|Any CPU
		{4BED349F-94AF-48D2-9B6C-10638E8A437C}.Debug|Any CPU.Build.0 = Debug|Any CPU
		{4BED349F-94AF-48D2-9B6C-10638E8A437C}.Release|Any CPU.ActiveCfg = Release|Any CPU
		{4BED349F-94AF-48D2-9B6C-10638E8A437C}.Release|Any CPU.Build.0 = Release|Any CPU
		{8242E982-875B-470B-BB8B-7DB573D82156}.Debug|Any CPU.ActiveCfg = Debug|Any CPU
		{8242E982-875B-470B-BB8B-7DB573D82156}.Debug|Any CPU.Build.0 = Debug|Any CPU
		{8242E982-875B-470B-BB8B-7DB573D82156}.Release|Any CPU.ActiveCfg = Release|Any CPU
		{8242E982-875B-470B-BB8B-7DB573D82156}.Release|Any CPU.Build.0 = Release|Any CPU
	EndGlobalSection
	GlobalSection(SolutionProperties) = preSolution
		HideSolutionNode = FALSE
	EndGlobalSection
	GlobalSection(ExtensibilityGlobals) = postSolution
		SolutionGuid = {00958694-762F-4726-8FD9-9AFE9CDC4ECA}
	EndGlobalSection
EndGlobal
